Microsoft Visual Studio Solution File, Format Version 12.00
# Visual Studio 15
VisualStudioVersion = 15.0.28010.2046
MinimumVisualStudioVersion = 10.0.40219.1
Project("{FAE04EC0-301F-11D3-BF4B-00C04F79EFBC}") = "ColaDefinitiva", "ColaDefinitiva\ColaDefinitiva.csproj", "{FF65B097-A28D-4615-81FC-CB639320015B}"
EndProject
Project("{FAE04EC0-301F-11D3-BF4B-00C04F79EFBC}") = "Tests", "Tests\Tests.csproj", "{120CF8D1-F9B9-42AD-9DEF-C447281033F4}"
EndProject
Global
	GlobalSection(SolutionConfigurationPlatforms) = preSolution
		Debug|Any CPU = Debug|Any CPU
		Debug|x86 = Debug|x86
		Release|Any CPU = Release|Any CPU
		Release|x86 = Release|x86
	EndGlobalSection
	GlobalSection(ProjectConfigurationPlatforms) = postSolution
		{FF65B097-A28D-4615-81FC-CB639320015B}.Debug|Any CPU.ActiveCfg = Debug|Any CPU
		{FF65B097-A28D-4615-81FC-CB639320015B}.Debug|Any CPU.Build.0 = Debug|Any CPU
		{FF65B097-A28D-4615-81FC-CB639320015B}.Debug|x86.ActiveCfg = Debug|x86
		{FF65B097-A28D-4615-81FC-CB639320015B}.Debug|x86.Build.0 = Debug|x86
		{FF65B097-A28D-4615-81FC-CB639320015B}.Release|Any CPU.ActiveCfg = Release|Any CPU
		{FF65B097-A28D-4615-81FC-CB639320015B}.Release|Any CPU.Build.0 = Release|Any CPU
		{FF65B097-A28D-4615-81FC-CB639320015B}.Release|x86.ActiveCfg = Release|x86
		{FF65B097-A28D-4615-81FC-CB639320015B}.Release|x86.Build.0 = Release|x86
		{120CF8D1-F9B9-42AD-9DEF-C447281033F4}.Debug|Any CPU.ActiveCfg = Debug|Any CPU
		{120CF8D1-F9B9-42AD-9DEF-C447281033F4}.Debug|Any CPU.Build.0 = Debug|Any CPU
		{120CF8D1-F9B9-42AD-9DEF-C447281033F4}.Debug|x86.ActiveCfg = Debug|Any CPU
		{120CF8D1-F9B9-42AD-9DEF-C447281033F4}.Debug|x86.Build.0 = Debug|Any CPU
		{120CF8D1-F9B9-42AD-9DEF-C447281033F4}.Release|Any CPU.ActiveCfg = Release|Any CPU
		{120CF8D1-F9B9-42AD-9DEF-C447281033F4}.Release|Any CPU.Build.0 = Release|Any CPU
		{120CF8D1-F9B9-42AD-9DEF-C447281033F4}.Release|x86.ActiveCfg = Release|Any CPU
		{120CF8D1-F9B9-42AD-9DEF-C447281033F4}.Release|x86.Build.0 = Release|Any CPU
	EndGlobalSection
	GlobalSection(SolutionProperties) = preSolution
		HideSolutionNode = FALSE
	EndGlobalSection
	GlobalSection(ExtensibilityGlobals) = postSolution
		SolutionGuid = {C133DB44-94BC-43DA-8461-0AA31FBD824F}
	EndGlobalSection
EndGlobal
